
Microsoft Visual Studio Solution File, Format Version 12.00
# Visual Studio Version 16
VisualStudioVersion = 16.0.31613.86
MinimumVisualStudioVersion = 10.0.40219.1
Project("{9A19103F-16F7-4668-BE54-9A1E7A4F7556}") = "Web.NodeOne", "Web.NodeOne\Web.NodeOne.csproj", "{CF0639C1-CEEA-4041-A29A-0AEF9850516D}"
EndProject
Project("{9A19103F-16F7-4668-BE54-9A1E7A4F7556}") = "Web.NodeTwo", "Web.NodeTwo\Web.NodeTwo.csproj", "{CA37546A-F1DF-4EA8-A159-BF13AA78205D}"
	ProjectSection(ProjectDependencies) = postProject
		{CF0639C1-CEEA-4041-A29A-0AEF9850516D} = {CF0639C1-CEEA-4041-A29A-0AEF9850516D}
	EndProjectSection
EndProject
Project("{9A19103F-16F7-4668-BE54-9A1E7A4F7556}") = "Web.NodeThree", "Web.NodeThree\Web.NodeThree.csproj", "{BA30E696-5163-429F-B005-C5E93984604C}"
	ProjectSection(ProjectDependencies) = postProject
		{CA37546A-F1DF-4EA8-A159-BF13AA78205D} = {CA37546A-F1DF-4EA8-A159-BF13AA78205D}
	EndProjectSection
EndProject
Project("{9A19103F-16F7-4668-BE54-9A1E7A4F7556}") = "Web.MessagingModels", "Web.MessagingModels\Web.MessagingModels.csproj", "{70D4289D-B26F-45C4-8FF5-4A4BA4C47567}"
EndProject
Project("{9A19103F-16F7-4668-BE54-9A1E7A4F7556}") = "Web.HostedServices", "Web.HostedServices\Web.HostedServices.csproj", "{98518635-D1B9-45D6-981C-F982B333C08C}"
EndProject
Project("{9A19103F-16F7-4668-BE54-9A1E7A4F7556}") = "Web.DataAccess", "Web.DataAccess\Web.DataAccess.csproj", "{7B392C94-38FE-415F-9434-F7E9968F9FEA}"
EndProject
Project("{9A19103F-16F7-4668-BE54-9A1E7A4F7556}") = "Web.Services", "Web.Services\Web.Services.csproj", "{EBFA829C-6733-4B7E-A13B-6EC9678A5EDA}"
EndProject
Project("{2150E333-8FDC-42A3-9474-1A3956D46DE8}") = "Solution Items", "Solution Items", "{758B2250-0A46-4383-A7BC-2D26C62F8008}"
	ProjectSection(SolutionItems) = preProject
		.env = .env
		devcert.pfx = devcert.pfx
		docker-compose.yml = docker-compose.yml
	EndProjectSection
EndProject
Project("{9A19103F-16F7-4668-BE54-9A1E7A4F7556}") = "Web.Common", "Web.Common\Web.Common.csproj", "{205F09EE-3913-47B1-BDDE-EABA5BEE1748}"
EndProject
Global
	GlobalSection(SolutionConfigurationPlatforms) = preSolution
		Debug|Any CPU = Debug|Any CPU
		Release|Any CPU = Release|Any CPU
	EndGlobalSection
	GlobalSection(ProjectConfigurationPlatforms) = postSolution
		{CF0639C1-CEEA-4041-A29A-0AEF9850516D}.Debug|Any CPU.ActiveCfg = Debug|Any CPU
		{CF0639C1-CEEA-4041-A29A-0AEF9850516D}.Debug|Any CPU.Build.0 = Debug|Any CPU
		{CF0639C1-CEEA-4041-A29A-0AEF9850516D}.Release|Any CPU.ActiveCfg = Release|Any CPU
		{CF0639C1-CEEA-4041-A29A-0AEF9850516D}.Release|Any CPU.Build.0 = Release|Any CPU
		{CA37546A-F1DF-4EA8-A159-BF13AA78205D}.Debug|Any CPU.ActiveCfg = Debug|Any CPU
		{CA37546A-F1DF-4EA8-A159-BF13AA78205D}.Debug|Any CPU.Build.0 = Debug|Any CPU
		{CA37546A-F1DF-4EA8-A159-BF13AA78205D}.Release|Any CPU.ActiveCfg = Release|Any CPU
		{CA37546A-F1DF-4EA8-A159-BF13AA78205D}.Release|Any CPU.Build.0 = Release|Any CPU
		{BA30E696-5163-429F-B005-C5E93984604C}.Debug|Any CPU.ActiveCfg = Debug|Any CPU
		{BA30E696-5163-429F-B005-C5E93984604C}.Debug|Any CPU.Build.0 = Debug|Any CPU
		{BA30E696-5163-429F-B005-C5E93984604C}.Release|Any CPU.ActiveCfg = Release|Any CPU
		{BA30E696-5163-429F-B005-C5E93984604C}.Release|Any CPU.Build.0 = Release|Any CPU
		{70D4289D-B26F-45C4-8FF5-4A4BA4C47567}.Debug|Any CPU.ActiveCfg = Debug|Any CPU
		{70D4289D-B26F-45C4-8FF5-4A4BA4C47567}.Debug|Any CPU.Build.0 = Debug|Any CPU
		{70D4289D-B26F-45C4-8FF5-4A4BA4C47567}.Release|Any CPU.ActiveCfg = Release|Any CPU
		{70D4289D-B26F-45C4-8FF5-4A4BA4C47567}.Release|Any CPU.Build.0 = Release|Any CPU
		{98518635-D1B9-45D6-981C-F982B333C08C}.Debug|Any CPU.ActiveCfg = Debug|Any CPU
		{98518635-D1B9-45D6-981C-F982B333C08C}.Debug|Any CPU.Build.0 = Debug|Any CPU
		{98518635-D1B9-45D6-981C-F982B333C08C}.Release|Any CPU.ActiveCfg = Release|Any CPU
		{98518635-D1B9-45D6-981C-F982B333C08C}.Release|Any CPU.Build.0 = Release|Any CPU
		{7B392C94-38FE-415F-9434-F7E9968F9FEA}.Debug|Any CPU.ActiveCfg = Debug|Any CPU
		{7B392C94-38FE-415F-9434-F7E9968F9FEA}.Debug|Any CPU.Build.0 = Debug|Any CPU
		{7B392C94-38FE-415F-9434-F7E9968F9FEA}.Release|Any CPU.ActiveCfg = Release|Any CPU
		{7B392C94-38FE-415F-9434-F7E9968F9FEA}.Release|Any CPU.Build.0 = Release|Any CPU
		{EBFA829C-6733-4B7E-A13B-6EC9678A5EDA}.Debug|Any CPU.ActiveCfg = Debug|Any CPU
		{EBFA829C-6733-4B7E-A13B-6EC9678A5EDA}.Debug|Any CPU.Build.0 = Debug|Any CPU
		{EBFA829C-6733-4B7E-A13B-6EC9678A5EDA}.Release|Any CPU.ActiveCfg = Release|Any CPU
		{EBFA829C-6733-4B7E-A13B-6EC9678A5EDA}.Release|Any CPU.Build.0 = Release|Any CPU
		{205F09EE-3913-47B1-BDDE-EABA5BEE1748}.Debug|Any CPU.ActiveCfg = Debug|Any CPU
		{205F09EE-3913-47B1-BDDE-EABA5BEE1748}.Debug|Any CPU.Build.0 = Debug|Any CPU
		{205F09EE-3913-47B1-BDDE-EABA5BEE1748}.Release|Any CPU.ActiveCfg = Release|Any CPU
		{205F09EE-3913-47B1-BDDE-EABA5BEE1748}.Release|Any CPU.Build.0 = Release|Any CPU
	EndGlobalSection
	GlobalSection(SolutionProperties) = preSolution
		HideSolutionNode = FALSE
	EndGlobalSection
	GlobalSection(ExtensibilityGlobals) = postSolution
		SolutionGuid = {72682F7A-7ABA-4DDC-BEB2-E6C95BDD93E1}
	EndGlobalSection
EndGlobal
